// !$*UTF8*$!
{
	archiveVersion = 1;
	classes = {
	};
	objectVersion = 50;
	objects = {

/* Begin PBXBuildFile section */
		055568432567831F00B42091 /* GitHubUpdates.framework in Frameworks */ = {isa = PBXBuildFile; fileRef = 0555683C2567831700B42091 /* GitHubUpdates.framework */; };
		055568442567831F00B42091 /* GitHubUpdates.framework in Embed Frameworks */ = {isa = PBXBuildFile; fileRef = 0555683C2567831700B42091 /* GitHubUpdates.framework */; settings = {ATTRIBUTES = (CodeSignOnCopy, RemoveHeadersOnCopy, ); }; };
		05680C07256F7E0C000520F2 /* IsZero.swift in Sources */ = {isa = PBXBuildFile; fileRef = 05680C06256F7E0C000520F2 /* IsZero.swift */; };
		05680C0B256F7FA1000520F2 /* IsNotZero.swift in Sources */ = {isa = PBXBuildFile; fileRef = 05680C0A256F7FA1000520F2 /* IsNotZero.swift */; };
		0586D54B256696D900CBBD48 /* ApplicationDelegate.swift in Sources */ = {isa = PBXBuildFile; fileRef = 0586D54A256696D900CBBD48 /* ApplicationDelegate.swift */; };
		0586D550256696DA00CBBD48 /* MainMenu.xib in Resources */ = {isa = PBXBuildFile; fileRef = 0586D54E256696DA00CBBD48 /* MainMenu.xib */; };
		0586D55D2566978100CBBD48 /* App.swift in Sources */ = {isa = PBXBuildFile; fileRef = 0586D55C2566978100CBBD48 /* App.swift */; };
		0586D560256697A500CBBD48 /* MainWindowController.swift in Sources */ = {isa = PBXBuildFile; fileRef = 0586D55F256697A500CBBD48 /* MainWindowController.swift */; };
		0586D5682566995800CBBD48 /* AboutWindowController.swift in Sources */ = {isa = PBXBuildFile; fileRef = 0586D5672566995800CBBD48 /* AboutWindowController.swift */; };
		0586D56C2566996500CBBD48 /* AboutWindowController.xib in Resources */ = {isa = PBXBuildFile; fileRef = 0586D56A2566996500CBBD48 /* AboutWindowController.xib */; };
		0586D56E2566997000CBBD48 /* MainWindowController.xib in Resources */ = {isa = PBXBuildFile; fileRef = 0586D5702566997000CBBD48 /* MainWindowController.xib */; };
		0586D5732566A31200CBBD48 /* NumberToString.swift in Sources */ = {isa = PBXBuildFile; fileRef = 0586D5722566A31200CBBD48 /* NumberToString.swift */; };
		0586D5762566B14200CBBD48 /* BinaryStream.swift in Sources */ = {isa = PBXBuildFile; fileRef = 0586D5752566B14200CBBD48 /* BinaryStream.swift */; };
		0586D5792566B31A00CBBD48 /* MachOFile.swift in Sources */ = {isa = PBXBuildFile; fileRef = 0586D5782566B31A00CBBD48 /* MachOFile.swift */; };
		0586D5922566C30600CBBD48 /* Icon.icns in Resources */ = {isa = PBXBuildFile; fileRef = 0586D5912566C30600CBBD48 /* Icon.icns */; };
		0586D6212566CED200CBBD48 /* DropView.swift in Sources */ = {isa = PBXBuildFile; fileRef = 0586D6202566CED200CBBD48 /* DropView.swift */; };
/* End PBXBuildFile section */

/* Begin PBXContainerItemProxy section */
		0555683B2567831700B42091 /* PBXContainerItemProxy */ = {
			isa = PBXContainerItemProxy;
			containerPortal = 055568362567831700B42091 /* GitHubUpdates.xcodeproj */;
			proxyType = 2;
			remoteGlobalIDString = 05F82B251EF32EA700EC8A93;
			remoteInfo = GitHubUpdates;
		};
		0555683D2567831700B42091 /* PBXContainerItemProxy */ = {
			isa = PBXContainerItemProxy;
			containerPortal = 055568362567831700B42091 /* GitHubUpdates.xcodeproj */;
			proxyType = 2;
			remoteGlobalIDString = 0555EBA01EF3DDA10016167F;
			remoteInfo = Relauncher;
		};
/* End PBXContainerItemProxy section */

/* Begin PBXCopyFilesBuildPhase section */
		055568452567831F00B42091 /* Embed Frameworks */ = {
			isa = PBXCopyFilesBuildPhase;
			buildActionMask = 2147483647;
			dstPath = "";
			dstSubfolderSpec = 10;
			files = (
				055568442567831F00B42091 /* GitHubUpdates.framework in Embed Frameworks */,
			);
			name = "Embed Frameworks";
			runOnlyForDeploymentPostprocessing = 0;
		};
/* End PBXCopyFilesBuildPhase section */

/* Begin PBXFileReference section */
		055568362567831700B42091 /* GitHubUpdates.xcodeproj */ = {isa = PBXFileReference; lastKnownFileType = "wrapper.pb-project"; name = GitHubUpdates.xcodeproj; path = Submodules/GitHubUpdates/GitHubUpdates.xcodeproj; sourceTree = "<group>"; };
		05680C06256F7E0C000520F2 /* IsZero.swift */ = {isa = PBXFileReference; lastKnownFileType = sourcecode.swift; path = IsZero.swift; sourceTree = "<group>"; };
		05680C0A256F7FA1000520F2 /* IsNotZero.swift */ = {isa = PBXFileReference; lastKnownFileType = sourcecode.swift; path = IsNotZero.swift; sourceTree = "<group>"; };
		0586D547256696D900CBBD48 /* Silicon.app */ = {isa = PBXFileReference; explicitFileType = wrapper.application; includeInIndex = 0; path = Silicon.app; sourceTree = BUILT_PRODUCTS_DIR; };
		0586D54A256696D900CBBD48 /* ApplicationDelegate.swift */ = {isa = PBXFileReference; lastKnownFileType = sourcecode.swift; path = ApplicationDelegate.swift; sourceTree = "<group>"; };
		0586D54F256696DA00CBBD48 /* Base */ = {isa = PBXFileReference; lastKnownFileType = file.xib; name = Base; path = Base.lproj/MainMenu.xib; sourceTree = "<group>"; };
		0586D551256696DA00CBBD48 /* Info.plist */ = {isa = PBXFileReference; lastKnownFileType = text.plist.xml; path = Info.plist; sourceTree = "<group>"; };
		0586D552256696DA00CBBD48 /* Silicon.entitlements */ = {isa = PBXFileReference; lastKnownFileType = text.plist.entitlements; path = Silicon.entitlements; sourceTree = "<group>"; };
		0586D55C2566978100CBBD48 /* App.swift */ = {isa = PBXFileReference; lastKnownFileType = sourcecode.swift; path = App.swift; sourceTree = "<group>"; };
		0586D55F256697A500CBBD48 /* MainWindowController.swift */ = {isa = PBXFileReference; lastKnownFileType = sourcecode.swift; path = MainWindowController.swift; sourceTree = "<group>"; };
		0586D5672566995800CBBD48 /* AboutWindowController.swift */ = {isa = PBXFileReference; fileEncoding = 4; lastKnownFileType = sourcecode.swift; path = AboutWindowController.swift; sourceTree = "<group>"; };
		0586D56B2566996500CBBD48 /* Base */ = {isa = PBXFileReference; lastKnownFileType = file.xib; name = Base; path = Base.lproj/AboutWindowController.xib; sourceTree = "<group>"; };
		0586D56F2566997000CBBD48 /* Base */ = {isa = PBXFileReference; lastKnownFileType = file.xib; name = Base; path = Base.lproj/MainWindowController.xib; sourceTree = "<group>"; };
		0586D5722566A31200CBBD48 /* NumberToString.swift */ = {isa = PBXFileReference; lastKnownFileType = sourcecode.swift; path = NumberToString.swift; sourceTree = "<group>"; };
		0586D5752566B14200CBBD48 /* BinaryStream.swift */ = {isa = PBXFileReference; fileEncoding = 4; lastKnownFileType = sourcecode.swift; path = BinaryStream.swift; sourceTree = "<group>"; };
		0586D5782566B31A00CBBD48 /* MachOFile.swift */ = {isa = PBXFileReference; lastKnownFileType = sourcecode.swift; path = MachOFile.swift; sourceTree = "<group>"; };
		0586D5912566C30600CBBD48 /* Icon.icns */ = {isa = PBXFileReference; lastKnownFileType = image.icns; path = Icon.icns; sourceTree = "<group>"; };
		0586D5E92566C7E700CBBD48 /* Release - ccache.xcconfig */ = {isa = PBXFileReference; lastKnownFileType = text.xcconfig; path = "Release - ccache.xcconfig"; sourceTree = "<group>"; };
		0586D5EA2566C7E700CBBD48 /* Common.xcconfig */ = {isa = PBXFileReference; lastKnownFileType = text.xcconfig; path = Common.xcconfig; sourceTree = "<group>"; };
		0586D5EB2566C7E700CBBD48 /* Debug - ccache.xcconfig */ = {isa = PBXFileReference; lastKnownFileType = text.xcconfig; path = "Debug - ccache.xcconfig"; sourceTree = "<group>"; };
		0586D5EC2566C7E700CBBD48 /* Debug.xcconfig */ = {isa = PBXFileReference; lastKnownFileType = text.xcconfig; path = Debug.xcconfig; sourceTree = "<group>"; };
		0586D5ED2566C7E700CBBD48 /* Release.xcconfig */ = {isa = PBXFileReference; lastKnownFileType = text.xcconfig; path = Release.xcconfig; sourceTree = "<group>"; };
		0586D5EE2566C7E700CBBD48 /* README.md */ = {isa = PBXFileReference; lastKnownFileType = net.daringfireball.markdown; path = README.md; sourceTree = "<group>"; };
		0586D5EF2566C7E700CBBD48 /* Release - Library.xcconfig */ = {isa = PBXFileReference; lastKnownFileType = text.xcconfig; path = "Release - Library.xcconfig"; sourceTree = "<group>"; };
		0586D5F12566C7E700CBBD48 /* Signing.xcconfig */ = {isa = PBXFileReference; lastKnownFileType = text.xcconfig; path = Signing.xcconfig; sourceTree = "<group>"; };
		0586D5F22566C7E700CBBD48 /* Architectures.xcconfig */ = {isa = PBXFileReference; lastKnownFileType = text.xcconfig; path = Architectures.xcconfig; sourceTree = "<group>"; };
		0586D5F42566C7E700CBBD48 /* Issues.xcconfig */ = {isa = PBXFileReference; lastKnownFileType = text.xcconfig; path = Issues.xcconfig; sourceTree = "<group>"; };
		0586D5F62566C7E700CBBD48 /* Apple-APIs.xcconfig */ = {isa = PBXFileReference; lastKnownFileType = text.xcconfig; path = "Apple-APIs.xcconfig"; sourceTree = "<group>"; };
		0586D5F72566C7E700CBBD48 /* Generic-Issues.xcconfig */ = {isa = PBXFileReference; lastKnownFileType = text.xcconfig; path = "Generic-Issues.xcconfig"; sourceTree = "<group>"; };
		0586D5F82566C7E700CBBD48 /* Security.xcconfig */ = {isa = PBXFileReference; lastKnownFileType = text.xcconfig; path = Security.xcconfig; sourceTree = "<group>"; };
		0586D5F92566C7E700CBBD48 /* Objective-C.xcconfig */ = {isa = PBXFileReference; lastKnownFileType = text.xcconfig; path = "Objective-C.xcconfig"; sourceTree = "<group>"; };
		0586D5FA2566C7E700CBBD48 /* Analysis-Policy.xcconfig */ = {isa = PBXFileReference; lastKnownFileType = text.xcconfig; path = "Analysis-Policy.xcconfig"; sourceTree = "<group>"; };
		0586D5FB2566C7E700CBBD48 /* Deployment.xcconfig */ = {isa = PBXFileReference; lastKnownFileType = text.xcconfig; path = Deployment.xcconfig; sourceTree = "<group>"; };
		0586D5FC2566C7E700CBBD48 /* Build-Options.xcconfig */ = {isa = PBXFileReference; lastKnownFileType = text.xcconfig; path = "Build-Options.xcconfig"; sourceTree = "<group>"; };
		0586D5FD2566C7E700CBBD48 /* Swift-Compiler.xcconfig */ = {isa = PBXFileReference; lastKnownFileType = text.xcconfig; path = "Swift-Compiler.xcconfig"; sourceTree = "<group>"; };
		0586D5FE2566C7E700CBBD48 /* Static-Analyzer.xcconfig */ = {isa = PBXFileReference; lastKnownFileType = text.xcconfig; path = "Static-Analyzer.xcconfig"; sourceTree = "<group>"; };
		0586D6002566C7E700CBBD48 /* Warnings-Policies.xcconfig */ = {isa = PBXFileReference; lastKnownFileType = text.xcconfig; path = "Warnings-Policies.xcconfig"; sourceTree = "<group>"; };
		0586D6012566C7E700CBBD48 /* Code-Generation.xcconfig */ = {isa = PBXFileReference; lastKnownFileType = text.xcconfig; path = "Code-Generation.xcconfig"; sourceTree = "<group>"; };
		0586D6022566C7E700CBBD48 /* Language.xcconfig */ = {isa = PBXFileReference; lastKnownFileType = text.xcconfig; path = Language.xcconfig; sourceTree = "<group>"; };
		0586D6032566C7E700CBBD48 /* General.xcconfig */ = {isa = PBXFileReference; lastKnownFileType = text.xcconfig; path = General.xcconfig; sourceTree = "<group>"; };
		0586D6042566C7E700CBBD48 /* Search-Paths.xcconfig */ = {isa = PBXFileReference; lastKnownFileType = text.xcconfig; path = "Search-Paths.xcconfig"; sourceTree = "<group>"; };
		0586D6052566C7E700CBBD48 /* Apple-LLVM.xcconfig */ = {isa = PBXFileReference; lastKnownFileType = text.xcconfig; path = "Apple-LLVM.xcconfig"; sourceTree = "<group>"; };
		0586D6082566C7E700CBBD48 /* Modules.xcconfig */ = {isa = PBXFileReference; lastKnownFileType = text.xcconfig; path = Modules.xcconfig; sourceTree = "<group>"; };
		0586D6092566C7E700CBBD48 /* Objective-C.xcconfig */ = {isa = PBXFileReference; lastKnownFileType = text.xcconfig; path = "Objective-C.xcconfig"; sourceTree = "<group>"; };
		0586D60A2566C7E700CBBD48 /* C++.xcconfig */ = {isa = PBXFileReference; lastKnownFileType = text.xcconfig; path = "C++.xcconfig"; sourceTree = "<group>"; };
		0586D60B2566C7E700CBBD48 /* Code-Generation.xcconfig */ = {isa = PBXFileReference; lastKnownFileType = text.xcconfig; path = "Code-Generation.xcconfig"; sourceTree = "<group>"; };
		0586D60C2566C7E700CBBD48 /* Address-Sanitizer.xcconfig */ = {isa = PBXFileReference; lastKnownFileType = text.xcconfig; path = "Address-Sanitizer.xcconfig"; sourceTree = "<group>"; };
		0586D60D2566C7E700CBBD48 /* Language.xcconfig */ = {isa = PBXFileReference; lastKnownFileType = text.xcconfig; path = Language.xcconfig; sourceTree = "<group>"; };
		0586D60E2566C7E700CBBD48 /* Warnings.xcconfig */ = {isa = PBXFileReference; lastKnownFileType = text.xcconfig; path = Warnings.xcconfig; sourceTree = "<group>"; };
		0586D60F2566C7E700CBBD48 /* Undefined-Behavior-Sanitizer.xcconfig */ = {isa = PBXFileReference; lastKnownFileType = text.xcconfig; path = "Undefined-Behavior-Sanitizer.xcconfig"; sourceTree = "<group>"; };
		0586D6102566C7E700CBBD48 /* Warning-Policies.xcconfig */ = {isa = PBXFileReference; lastKnownFileType = text.xcconfig; path = "Warning-Policies.xcconfig"; sourceTree = "<group>"; };
		0586D6122566C7E700CBBD48 /* Objective-C-ARC.xcconfig */ = {isa = PBXFileReference; lastKnownFileType = text.xcconfig; path = "Objective-C-ARC.xcconfig"; sourceTree = "<group>"; };
		0586D6132566C7E700CBBD48 /* Objective-C.xcconfig */ = {isa = PBXFileReference; lastKnownFileType = text.xcconfig; path = "Objective-C.xcconfig"; sourceTree = "<group>"; };
		0586D6142566C7E700CBBD48 /* C++.xcconfig */ = {isa = PBXFileReference; lastKnownFileType = text.xcconfig; path = "C++.xcconfig"; sourceTree = "<group>"; };
		0586D6152566C7E700CBBD48 /* All-Languages.xcconfig */ = {isa = PBXFileReference; lastKnownFileType = text.xcconfig; path = "All-Languages.xcconfig"; sourceTree = "<group>"; };
		0586D6162566C7E700CBBD48 /* Preprocessing.xcconfig */ = {isa = PBXFileReference; lastKnownFileType = text.xcconfig; path = Preprocessing.xcconfig; sourceTree = "<group>"; };
		0586D6172566C7E700CBBD48 /* Debug - Library.xcconfig */ = {isa = PBXFileReference; lastKnownFileType = text.xcconfig; path = "Debug - Library.xcconfig"; sourceTree = "<group>"; };
		0586D6182566C7E700CBBD48 /* .gitignore */ = {isa = PBXFileReference; lastKnownFileType = text; path = .gitignore; sourceTree = "<group>"; };
		0586D61A2566C7E700CBBD48 /* ccache-config.sh */ = {isa = PBXFileReference; lastKnownFileType = text.script.sh; path = "ccache-config.sh"; sourceTree = "<group>"; };
		0586D61B2566C7E700CBBD48 /* ccache.sh */ = {isa = PBXFileReference; lastKnownFileType = text.script.sh; path = ccache.sh; sourceTree = "<group>"; };
		0586D61C2566C7E700CBBD48 /* Debug - zld.xcconfig */ = {isa = PBXFileReference; lastKnownFileType = text.xcconfig; path = "Debug - zld.xcconfig"; sourceTree = "<group>"; };
		0586D6202566CED200CBBD48 /* DropView.swift */ = {isa = PBXFileReference; lastKnownFileType = sourcecode.swift; path = DropView.swift; sourceTree = "<group>"; };
/* End PBXFileReference section */

/* Begin PBXFrameworksBuildPhase section */
		0586D544256696D900CBBD48 /* Frameworks */ = {
			isa = PBXFrameworksBuildPhase;
			buildActionMask = 2147483647;
			files = (
				055568432567831F00B42091 /* GitHubUpdates.framework in Frameworks */,
			);
			runOnlyForDeploymentPostprocessing = 0;
		};
/* End PBXFrameworksBuildPhase section */

/* Begin PBXGroup section */
		055568372567831700B42091 /* Products */ = {
			isa = PBXGroup;
			children = (
				0555683C2567831700B42091 /* GitHubUpdates.framework */,
				0555683E2567831700B42091 /* Relauncher */,
			);
			name = Products;
			sourceTree = "<group>";
		};
		055568422567831F00B42091 /* Frameworks */ = {
			isa = PBXGroup;
			children = (
			);
			name = Frameworks;
			sourceTree = "<group>";
		};
		0586D53E256696D900CBBD48 = {
			isa = PBXGroup;
			children = (
				055568362567831700B42091 /* GitHubUpdates.xcodeproj */,
				0586D5E82566C7E700CBBD48 /* xcconfig */,
				0586D549256696D900CBBD48 /* Silicon */,
				0586D548256696D900CBBD48 /* Products */,
				055568422567831F00B42091 /* Frameworks */,
			);
			sourceTree = "<group>";
		};
		0586D548256696D900CBBD48 /* Products */ = {
			isa = PBXGroup;
			children = (
				0586D547256696D900CBBD48 /* Silicon.app */,
			);
			name = Products;
			sourceTree = "<group>";
		};
		0586D549256696D900CBBD48 /* Silicon */ = {
			isa = PBXGroup;
			children = (
				0586D55A2566974A00CBBD48 /* Classes */,
				0586D562256697BB00CBBD48 /* UI */,
				0586D551256696DA00CBBD48 /* Info.plist */,
				0586D552256696DA00CBBD48 /* Silicon.entitlements */,
			);
			path = Silicon;
			sourceTree = "<group>";
		};
		0586D55A2566974A00CBBD48 /* Classes */ = {
			isa = PBXGroup;
			children = (
				0586D5672566995800CBBD48 /* AboutWindowController.swift */,
				0586D55C2566978100CBBD48 /* App.swift */,
				0586D54A256696D900CBBD48 /* ApplicationDelegate.swift */,
				0586D5752566B14200CBBD48 /* BinaryStream.swift */,
				0586D6202566CED200CBBD48 /* DropView.swift */,
				05680C06256F7E0C000520F2 /* IsZero.swift */,
				05680C0A256F7FA1000520F2 /* IsNotZero.swift */,
				0586D5782566B31A00CBBD48 /* MachOFile.swift */,
				0586D55F256697A500CBBD48 /* MainWindowController.swift */,
				0586D5722566A31200CBBD48 /* NumberToString.swift */,
			);
			path = Classes;
			sourceTree = "<group>";
		};
		0586D562256697BB00CBBD48 /* UI */ = {
			isa = PBXGroup;
			children = (
				0586D5902566C30600CBBD48 /* Images */,
				0586D54E256696DA00CBBD48 /* MainMenu.xib */,
				0586D56A2566996500CBBD48 /* AboutWindowController.xib */,
				0586D5702566997000CBBD48 /* MainWindowController.xib */,
			);
			path = UI;
			sourceTree = "<group>";
		};
		0586D5902566C30600CBBD48 /* Images */ = {
			isa = PBXGroup;
			children = (
				0586D5912566C30600CBBD48 /* Icon.icns */,
			);
			path = Images;
			sourceTree = "<group>";
		};
		0586D5E82566C7E700CBBD48 /* xcconfig */ = {
			isa = PBXGroup;
			children = (
				0586D5E92566C7E700CBBD48 /* Release - ccache.xcconfig */,
				0586D5EA2566C7E700CBBD48 /* Common.xcconfig */,
				0586D5EB2566C7E700CBBD48 /* Debug - ccache.xcconfig */,
				0586D5EC2566C7E700CBBD48 /* Debug.xcconfig */,
				0586D5ED2566C7E700CBBD48 /* Release.xcconfig */,
				0586D5EE2566C7E700CBBD48 /* README.md */,
				0586D5EF2566C7E700CBBD48 /* Release - Library.xcconfig */,
				0586D5F02566C7E700CBBD48 /* Common */,
				0586D6172566C7E700CBBD48 /* Debug - Library.xcconfig */,
				0586D6182566C7E700CBBD48 /* .gitignore */,
				0586D6192566C7E700CBBD48 /* Scripts */,
				0586D61C2566C7E700CBBD48 /* Debug - zld.xcconfig */,
			);
			name = xcconfig;
			path = Submodules/xcconfig;
			sourceTree = "<group>";
		};
		0586D5F02566C7E700CBBD48 /* Common */ = {
			isa = PBXGroup;
			children = (
				0586D5F12566C7E700CBBD48 /* Signing.xcconfig */,
				0586D5F22566C7E700CBBD48 /* Architectures.xcconfig */,
				0586D5F32566C7E700CBBD48 /* Static-Analyzer */,
				0586D5FB2566C7E700CBBD48 /* Deployment.xcconfig */,
				0586D5FC2566C7E700CBBD48 /* Build-Options.xcconfig */,
				0586D5FD2566C7E700CBBD48 /* Swift-Compiler.xcconfig */,
				0586D5FE2566C7E700CBBD48 /* Static-Analyzer.xcconfig */,
				0586D5FF2566C7E700CBBD48 /* Swift-Compiler */,
				0586D6042566C7E700CBBD48 /* Search-Paths.xcconfig */,
				0586D6052566C7E700CBBD48 /* Apple-LLVM.xcconfig */,
				0586D6062566C7E700CBBD48 /* Apple-LLVM */,
			);
			path = Common;
			sourceTree = "<group>";
		};
		0586D5F32566C7E700CBBD48 /* Static-Analyzer */ = {
			isa = PBXGroup;
			children = (
				0586D5F42566C7E700CBBD48 /* Issues.xcconfig */,
				0586D5F52566C7E700CBBD48 /* Issues */,
			);
			path = "Static-Analyzer";
			sourceTree = "<group>";
		};
		0586D5F52566C7E700CBBD48 /* Issues */ = {
			isa = PBXGroup;
			children = (
				0586D5F62566C7E700CBBD48 /* Apple-APIs.xcconfig */,
				0586D5F72566C7E700CBBD48 /* Generic-Issues.xcconfig */,
				0586D5F82566C7E700CBBD48 /* Security.xcconfig */,
				0586D5F92566C7E700CBBD48 /* Objective-C.xcconfig */,
				0586D5FA2566C7E700CBBD48 /* Analysis-Policy.xcconfig */,
			);
			path = Issues;
			sourceTree = "<group>";
		};
		0586D5FF2566C7E700CBBD48 /* Swift-Compiler */ = {
			isa = PBXGroup;
			children = (
				0586D6002566C7E700CBBD48 /* Warnings-Policies.xcconfig */,
				0586D6012566C7E700CBBD48 /* Code-Generation.xcconfig */,
				0586D6022566C7E700CBBD48 /* Language.xcconfig */,
				0586D6032566C7E700CBBD48 /* General.xcconfig */,
			);
			path = "Swift-Compiler";
			sourceTree = "<group>";
		};
		0586D6062566C7E700CBBD48 /* Apple-LLVM */ = {
			isa = PBXGroup;
			children = (
				0586D6072566C7E700CBBD48 /* Language */,
				0586D60B2566C7E700CBBD48 /* Code-Generation.xcconfig */,
				0586D60C2566C7E700CBBD48 /* Address-Sanitizer.xcconfig */,
				0586D60D2566C7E700CBBD48 /* Language.xcconfig */,
				0586D60E2566C7E700CBBD48 /* Warnings.xcconfig */,
				0586D60F2566C7E700CBBD48 /* Undefined-Behavior-Sanitizer.xcconfig */,
				0586D6102566C7E700CBBD48 /* Warning-Policies.xcconfig */,
				0586D6112566C7E700CBBD48 /* Warnings */,
				0586D6162566C7E700CBBD48 /* Preprocessing.xcconfig */,
			);
			path = "Apple-LLVM";
			sourceTree = "<group>";
		};
		0586D6072566C7E700CBBD48 /* Language */ = {
			isa = PBXGroup;
			children = (
				0586D6082566C7E700CBBD48 /* Modules.xcconfig */,
				0586D6092566C7E700CBBD48 /* Objective-C.xcconfig */,
				0586D60A2566C7E700CBBD48 /* C++.xcconfig */,
			);
			path = Language;
			sourceTree = "<group>";
		};
		0586D6112566C7E700CBBD48 /* Warnings */ = {
			isa = PBXGroup;
			children = (
				0586D6122566C7E700CBBD48 /* Objective-C-ARC.xcconfig */,
				0586D6132566C7E700CBBD48 /* Objective-C.xcconfig */,
				0586D6142566C7E700CBBD48 /* C++.xcconfig */,
				0586D6152566C7E700CBBD48 /* All-Languages.xcconfig */,
			);
			path = Warnings;
			sourceTree = "<group>";
		};
		0586D6192566C7E700CBBD48 /* Scripts */ = {
			isa = PBXGroup;
			children = (
				0586D61A2566C7E700CBBD48 /* ccache-config.sh */,
				0586D61B2566C7E700CBBD48 /* ccache.sh */,
			);
			path = Scripts;
			sourceTree = "<group>";
		};
/* End PBXGroup section */

/* Begin PBXNativeTarget section */
		0586D546256696D900CBBD48 /* Silicon */ = {
			isa = PBXNativeTarget;
			buildConfigurationList = 0586D555256696DA00CBBD48 /* Build configuration list for PBXNativeTarget "Silicon" */;
			buildPhases = (
				0586D543256696D900CBBD48 /* Sources */,
				0586D544256696D900CBBD48 /* Frameworks */,
				0586D59D2566C47900CBBD48 /* ShellScript */,
				0586D545256696D900CBBD48 /* Resources */,
				055568452567831F00B42091 /* Embed Frameworks */,
			);
			buildRules = (
			);
			dependencies = (
			);
			name = Silicon;
			productName = Silicon;
			productReference = 0586D547256696D900CBBD48 /* Silicon.app */;
			productType = "com.apple.product-type.application";
		};
/* End PBXNativeTarget section */

/* Begin PBXProject section */
		0586D53F256696D900CBBD48 /* Project object */ = {
			isa = PBXProject;
			attributes = {
				LastSwiftUpdateCheck = 1220;
				LastUpgradeCheck = 1220;
				TargetAttributes = {
					0586D546256696D900CBBD48 = {
						CreatedOnToolsVersion = 12.2;
					};
				};
			};
			buildConfigurationList = 0586D542256696D900CBBD48 /* Build configuration list for PBXProject "Silicon" */;
			compatibilityVersion = "Xcode 9.3";
			developmentRegion = en;
			hasScannedForEncodings = 0;
			knownRegions = (
				en,
				Base,
			);
			mainGroup = 0586D53E256696D900CBBD48;
			productRefGroup = 0586D548256696D900CBBD48 /* Products */;
			projectDirPath = "";
			projectReferences = (
				{
					ProductGroup = 055568372567831700B42091 /* Products */;
					ProjectRef = 055568362567831700B42091 /* GitHubUpdates.xcodeproj */;
				},
			);
			projectRoot = "";
			targets = (
				0586D546256696D900CBBD48 /* Silicon */,
			);
		};
/* End PBXProject section */

/* Begin PBXReferenceProxy section */
		0555683C2567831700B42091 /* GitHubUpdates.framework */ = {
			isa = PBXReferenceProxy;
			fileType = wrapper.framework;
			path = GitHubUpdates.framework;
			remoteRef = 0555683B2567831700B42091 /* PBXContainerItemProxy */;
			sourceTree = BUILT_PRODUCTS_DIR;
		};
		0555683E2567831700B42091 /* Relauncher */ = {
			isa = PBXReferenceProxy;
			fileType = "compiled.mach-o.executable";
			path = Relauncher;
			remoteRef = 0555683D2567831700B42091 /* PBXContainerItemProxy */;
			sourceTree = BUILT_PRODUCTS_DIR;
		};
/* End PBXReferenceProxy section */

/* Begin PBXResourcesBuildPhase section */
		0586D545256696D900CBBD48 /* Resources */ = {
			isa = PBXResourcesBuildPhase;
			buildActionMask = 2147483647;
			files = (
				0586D56C2566996500CBBD48 /* AboutWindowController.xib in Resources */,
				0586D56E2566997000CBBD48 /* MainWindowController.xib in Resources */,
				0586D5922566C30600CBBD48 /* Icon.icns in Resources */,
				0586D550256696DA00CBBD48 /* MainMenu.xib in Resources */,
			);
			runOnlyForDeploymentPostprocessing = 0;
		};
/* End PBXResourcesBuildPhase section */

/* Begin PBXShellScriptBuildPhase section */
		0586D59D2566C47900CBBD48 /* ShellScript */ = {
			isa = PBXShellScriptBuildPhase;
			buildActionMask = 2147483647;
			files = (
			);
			inputFileListPaths = (
			);
			inputPaths = (
			);
			outputFileListPaths = (
			);
			outputPaths = (
			);
			runOnlyForDeploymentPostprocessing = 0;
			shellPath = /bin/sh;
			shellScript = "#!/bin/bash\nif [ \"${CONFIGURATION}\" = \"Release\" ]; then\n    plist=\"Silicon/Info.plist\"\n    rev=$(git rev-list `git branch | grep -e \"^*\" | cut -d' ' -f 2` | wc -l)\n    /usr/libexec/PlistBuddy -c \"Set :CFBundleVersion $rev\" \"$plist\"\nfi\n";
		};
/* End PBXShellScriptBuildPhase section */

/* Begin PBXSourcesBuildPhase section */
		0586D543256696D900CBBD48 /* Sources */ = {
			isa = PBXSourcesBuildPhase;
			buildActionMask = 2147483647;
			files = (
				0586D5762566B14200CBBD48 /* BinaryStream.swift in Sources */,
				0586D6212566CED200CBBD48 /* DropView.swift in Sources */,
				0586D5792566B31A00CBBD48 /* MachOFile.swift in Sources */,
				0586D5732566A31200CBBD48 /* NumberToString.swift in Sources */,
				0586D54B256696D900CBBD48 /* ApplicationDelegate.swift in Sources */,
				0586D5682566995800CBBD48 /* AboutWindowController.swift in Sources */,
				0586D55D2566978100CBBD48 /* App.swift in Sources */,
				05680C0B256F7FA1000520F2 /* IsNotZero.swift in Sources */,
				0586D560256697A500CBBD48 /* MainWindowController.swift in Sources */,
				05680C07256F7E0C000520F2 /* IsZero.swift in Sources */,
			);
			runOnlyForDeploymentPostprocessing = 0;
		};
/* End PBXSourcesBuildPhase section */

/* Begin PBXVariantGroup section */
		0586D54E256696DA00CBBD48 /* MainMenu.xib */ = {
			isa = PBXVariantGroup;
			children = (
				0586D54F256696DA00CBBD48 /* Base */,
			);
			name = MainMenu.xib;
			sourceTree = "<group>";
		};
		0586D56A2566996500CBBD48 /* AboutWindowController.xib */ = {
			isa = PBXVariantGroup;
			children = (
				0586D56B2566996500CBBD48 /* Base */,
			);
			name = AboutWindowController.xib;
			sourceTree = "<group>";
		};
		0586D5702566997000CBBD48 /* MainWindowController.xib */ = {
			isa = PBXVariantGroup;
			children = (
				0586D56F2566997000CBBD48 /* Base */,
			);
			name = MainWindowController.xib;
			sourceTree = "<group>";
		};
/* End PBXVariantGroup section */

/* Begin XCBuildConfiguration section */
		0586D553256696DA00CBBD48 /* Debug */ = {
			isa = XCBuildConfiguration;
			baseConfigurationReference = 0586D5EC2566C7E700CBBD48 /* Debug.xcconfig */;
			buildSettings = {
				MACOSX_DEPLOYMENT_TARGET = 10.14;
			};
			name = Debug;
		};
		0586D554256696DA00CBBD48 /* Release */ = {
			isa = XCBuildConfiguration;
			baseConfigurationReference = 0586D5ED2566C7E700CBBD48 /* Release.xcconfig */;
			buildSettings = {
				MACOSX_DEPLOYMENT_TARGET = 10.14;
			};
			name = Release;
		};
		0586D556256696DA00CBBD48 /* Debug */ = {
			isa = XCBuildConfiguration;
			buildSettings = {
				CODE_SIGN_ENTITLEMENTS = Silicon/Silicon.entitlements;
				CODE_SIGN_STYLE = Automatic;
				DEVELOPMENT_TEAM = J5PR93692Y;
				ENABLE_HARDENED_RUNTIME = YES;
				INFOPLIST_FILE = Silicon/Info.plist;
				LD_RUNPATH_SEARCH_PATHS = (
					"$(inherited)",
					"@executable_path/../Frameworks",
				);
				PRODUCT_BUNDLE_IDENTIFIER = com.DigiDNA.Silicon;
				PRODUCT_NAME = "$(TARGET_NAME)";
			};
			name = Debug;
		};
		0586D557256696DA00CBBD48 /* Release */ = {
			isa = XCBuildConfiguration;
			buildSettings = {
				CODE_SIGN_ENTITLEMENTS = Silicon/Silicon.entitlements;
				CODE_SIGN_STYLE = Automatic;
				DEVELOPMENT_TEAM = J5PR93692Y;
				ENABLE_HARDENED_RUNTIME = YES;
				INFOPLIST_FILE = Silicon/Info.plist;
				LD_RUNPATH_SEARCH_PATHS = (
					"$(inherited)",
					"@executable_path/../Frameworks",
				);
				PRODUCT_BUNDLE_IDENTIFIER = com.DigiDNA.Silicon;
				PRODUCT_NAME = "$(TARGET_NAME)";
			};
			name = Release;
		};
/* End XCBuildConfiguration section */

/* Begin XCConfigurationList section */
		0586D542256696D900CBBD48 /* Build configuration list for PBXProject "Silicon" */ = {
			isa = XCConfigurationList;
			buildConfigurations = (
				0586D553256696DA00CBBD48 /* Debug */,
				0586D554256696DA00CBBD48 /* Release */,
			);
			defaultConfigurationIsVisible = 0;
			defaultConfigurationName = Release;
		};
		0586D555256696DA00CBBD48 /* Build configuration list for PBXNativeTarget "Silicon" */ = {
			isa = XCConfigurationList;
			buildConfigurations = (
				0586D556256696DA00CBBD48 /* Debug */,
				0586D557256696DA00CBBD48 /* Release */,
			);
			defaultConfigurationIsVisible = 0;
			defaultConfigurationName = Release;
		};
/* End XCConfigurationList section */
	};
	rootObject = 0586D53F256696D900CBBD48 /* Project object */;
}
